
Microsoft Visual Studio Solution File, Format Version 12.00
# Visual Studio 15
VisualStudioVersion = 15.0.26228.4
MinimumVisualStudioVersion = 10.0.40219.1
Project("{FAE04EC0-301F-11D3-BF4B-00C04F79EFBC}") = "StudentsMVVM.Data", "StudentsMVVM.Data\StudentsMVVM.Data.csproj", "{078BC0E0-C657-4D23-9EE5-CE2C021F771C}"
EndProject
Project("{FAE04EC0-301F-11D3-BF4B-00C04F79EFBC}") = "StudentsMVVM.Data.Tests", "StudentsMVVM.Data.Tests\StudentsMVVM.Data.Tests.csproj", "{E46AA2C1-5E79-4D8A-8BB7-99523635E1F9}"
EndProject
Project("{2150E333-8FDC-42A3-9474-1A3956D46DE8}") = "DesktopClient", "DesktopClient", "{5CFA76DE-B40F-4590-BC2F-2BD4598CB6A5}"
EndProject
Project("{2150E333-8FDC-42A3-9474-1A3956D46DE8}") = "Tests", "Tests", "{000BCA52-5031-48E1-9D37-1ED74B5AC9D9}"
EndProject
Project("{FAE04EC0-301F-11D3-BF4B-00C04F79EFBC}") = "StudentsMVVM.Windows", "StudentsMVVM.Windows\StudentsMVVM.Windows.csproj", "{F21EFA1E-4544-49EF-8E5F-E84D2B3B760E}"
EndProject
Project("{FAE04EC0-301F-11D3-BF4B-00C04F79EFBC}") = "StudentsMVVM.Windows.Tests", "StudentsMVVM.Windows.Tests\StudentsMVVM.Windows.Tests.csproj", "{C29F8661-5A90-4736-A7EB-7D7F4597AEBE}"
EndProject
Project("{FAE04EC0-301F-11D3-BF4B-00C04F79EFBC}") = "StudentsMVVM.DesktopClient", "StudentsMVVM.DesktopClient\StudentsMVVM.DesktopClient.csproj", "{672F25FC-C362-4B9B-8D6A-8653D4509140}"
EndProject
Project("{FAE04EC0-301F-11D3-BF4B-00C04F79EFBC}") = "StudentsMVVM.DesktopClient.Tests", "StudentsMVVM.DesktopClient.Tests\StudentsMVVM.DesktopClient.Tests.csproj", "{01173629-A971-450D-85F6-92604A624611}"
EndProject
Global
	GlobalSection(SolutionConfigurationPlatforms) = preSolution
		Debug|Any CPU = Debug|Any CPU
		Release|Any CPU = Release|Any CPU
	EndGlobalSection
	GlobalSection(ProjectConfigurationPlatforms) = postSolution
		{078BC0E0-C657-4D23-9EE5-CE2C021F771C}.Debug|Any CPU.ActiveCfg = Debug|Any CPU
		{078BC0E0-C657-4D23-9EE5-CE2C021F771C}.Debug|Any CPU.Build.0 = Debug|Any CPU
		{078BC0E0-C657-4D23-9EE5-CE2C021F771C}.Release|Any CPU.ActiveCfg = Release|Any CPU
		{078BC0E0-C657-4D23-9EE5-CE2C021F771C}.Release|Any CPU.Build.0 = Release|Any CPU
		{E46AA2C1-5E79-4D8A-8BB7-99523635E1F9}.Debug|Any CPU.ActiveCfg = Debug|Any CPU
		{E46AA2C1-5E79-4D8A-8BB7-99523635E1F9}.Debug|Any CPU.Build.0 = Debug|Any CPU
		{E46AA2C1-5E79-4D8A-8BB7-99523635E1F9}.Release|Any CPU.ActiveCfg = Release|Any CPU
		{E46AA2C1-5E79-4D8A-8BB7-99523635E1F9}.Release|Any CPU.Build.0 = Release|Any CPU
		{F21EFA1E-4544-49EF-8E5F-E84D2B3B760E}.Debug|Any CPU.ActiveCfg = Debug|Any CPU
		{F21EFA1E-4544-49EF-8E5F-E84D2B3B760E}.Debug|Any CPU.Build.0 = Debug|Any CPU
		{F21EFA1E-4544-49EF-8E5F-E84D2B3B760E}.Release|Any CPU.ActiveCfg = Release|Any CPU
		{F21EFA1E-4544-49EF-8E5F-E84D2B3B760E}.Release|Any CPU.Build.0 = Release|Any CPU
		{C29F8661-5A90-4736-A7EB-7D7F4597AEBE}.Debug|Any CPU.ActiveCfg = Debug|Any CPU
		{C29F8661-5A90-4736-A7EB-7D7F4597AEBE}.Debug|Any CPU.Build.0 = Debug|Any CPU
		{C29F8661-5A90-4736-A7EB-7D7F4597AEBE}.Release|Any CPU.ActiveCfg = Release|Any CPU
		{C29F8661-5A90-4736-A7EB-7D7F4597AEBE}.Release|Any CPU.Build.0 = Release|Any CPU
		{672F25FC-C362-4B9B-8D6A-8653D4509140}.Debug|Any CPU.ActiveCfg = Debug|Any CPU
		{672F25FC-C362-4B9B-8D6A-8653D4509140}.Debug|Any CPU.Build.0 = Debug|Any CPU
		{672F25FC-C362-4B9B-8D6A-8653D4509140}.Release|Any CPU.ActiveCfg = Release|Any CPU
		{672F25FC-C362-4B9B-8D6A-8653D4509140}.Release|Any CPU.Build.0 = Release|Any CPU
		{01173629-A971-450D-85F6-92604A624611}.Debug|Any CPU.ActiveCfg = Debug|Any CPU
		{01173629-A971-450D-85F6-92604A624611}.Debug|Any CPU.Build.0 = Debug|Any CPU
		{01173629-A971-450D-85F6-92604A624611}.Release|Any CPU.ActiveCfg = Release|Any CPU
		{01173629-A971-450D-85F6-92604A624611}.Release|Any CPU.Build.0 = Release|Any CPU
	EndGlobalSection
	GlobalSection(SolutionProperties) = preSolution
		HideSolutionNode = FALSE
	EndGlobalSection
	GlobalSection(NestedProjects) = preSolution
		{078BC0E0-C657-4D23-9EE5-CE2C021F771C} = {5CFA76DE-B40F-4590-BC2F-2BD4598CB6A5}
		{E46AA2C1-5E79-4D8A-8BB7-99523635E1F9} = {000BCA52-5031-48E1-9D37-1ED74B5AC9D9}
		{F21EFA1E-4544-49EF-8E5F-E84D2B3B760E} = {5CFA76DE-B40F-4590-BC2F-2BD4598CB6A5}
		{C29F8661-5A90-4736-A7EB-7D7F4597AEBE} = {000BCA52-5031-48E1-9D37-1ED74B5AC9D9}
		{672F25FC-C362-4B9B-8D6A-8653D4509140} = {5CFA76DE-B40F-4590-BC2F-2BD4598CB6A5}
		{01173629-A971-450D-85F6-92604A624611} = {000BCA52-5031-48E1-9D37-1ED74B5AC9D9}
	EndGlobalSection
EndGlobal
